// !$*UTF8*$!
{
	archiveVersion = 1;
	classes = {
	};
	objectVersion = 56;
	objects = {

/* Begin PBXBuildFile section */
		4421869429EC59A000A24ABB /* SouthParkAPISwiftUIApp.swift in Sources */ = {isa = PBXBuildFile; fileRef = 4421869329EC59A000A24ABB /* SouthParkAPISwiftUIApp.swift */; };
		4421869629EC59A000A24ABB /* ContentView.swift in Sources */ = {isa = PBXBuildFile; fileRef = 4421869529EC59A000A24ABB /* ContentView.swift */; };
		4421869829EC59A200A24ABB /* Assets.xcassets in Resources */ = {isa = PBXBuildFile; fileRef = 4421869729EC59A200A24ABB /* Assets.xcassets */; };
		4421869B29EC59A200A24ABB /* Preview Assets.xcassets in Resources */ = {isa = PBXBuildFile; fileRef = 4421869A29EC59A200A24ABB /* Preview Assets.xcassets */; };
		4457E1D129EE776300A309C0 /* settings.swift in Sources */ = {isa = PBXBuildFile; fileRef = 4457E1D029EE776300A309C0 /* settings.swift */; };
		445FE43429ED1CAF0063B7A3 /* SouthParkAPI.swift in Sources */ = {isa = PBXBuildFile; fileRef = 445FE43329ED1CAF0063B7A3 /* SouthParkAPI.swift */; };
		4466633429EC6F2A00BB1CF5 /* SouthParkCharacters.swift in Sources */ = {isa = PBXBuildFile; fileRef = 4466633329EC6F2A00BB1CF5 /* SouthParkCharacters.swift */; };
		4466633629EC719700BB1CF5 /* SouthParkEpisodes.swift in Sources */ = {isa = PBXBuildFile; fileRef = 4466633529EC719700BB1CF5 /* SouthParkEpisodes.swift */; };
		4466633829EC71A700BB1CF5 /* SouthParkOther.swift in Sources */ = {isa = PBXBuildFile; fileRef = 4466633729EC71A700BB1CF5 /* SouthParkOther.swift */; };
		447EAB6C29ED3B0D00634395 /* postData.swift in Sources */ = {isa = PBXBuildFile; fileRef = 447EAB6B29ED3B0D00634395 /* postData.swift */; };
/* End PBXBuildFile section */

/* Begin PBXFileReference section */
		4421869029EC59A000A24ABB /* SouthParkAPISwiftUI.app */ = {isa = PBXFileReference; explicitFileType = wrapper.application; includeInIndex = 0; path = SouthParkAPISwiftUI.app; sourceTree = BUILT_PRODUCTS_DIR; };
		4421869329EC59A000A24ABB /* SouthParkAPISwiftUIApp.swift */ = {isa = PBXFileReference; lastKnownFileType = sourcecode.swift; path = SouthParkAPISwiftUIApp.swift; sourceTree = "<group>"; };
		4421869529EC59A000A24ABB /* ContentView.swift */ = {isa = PBXFileReference; lastKnownFileType = sourcecode.swift; path = ContentView.swift; sourceTree = "<group>"; };
		4421869729EC59A200A24ABB /* Assets.xcassets */ = {isa = PBXFileReference; lastKnownFileType = folder.assetcatalog; path = Assets.xcassets; sourceTree = "<group>"; };
		4421869A29EC59A200A24ABB /* Preview Assets.xcassets */ = {isa = PBXFileReference; lastKnownFileType = folder.assetcatalog; path = "Preview Assets.xcassets"; sourceTree = "<group>"; };
		4457E1D029EE776300A309C0 /* settings.swift */ = {isa = PBXFileReference; lastKnownFileType = sourcecode.swift; path = settings.swift; sourceTree = "<group>"; };
		445FE43329ED1CAF0063B7A3 /* SouthParkAPI.swift */ = {isa = PBXFileReference; lastKnownFileType = sourcecode.swift; path = SouthParkAPI.swift; sourceTree = "<group>"; };
		4466633329EC6F2A00BB1CF5 /* SouthParkCharacters.swift */ = {isa = PBXFileReference; lastKnownFileType = sourcecode.swift; path = SouthParkCharacters.swift; sourceTree = "<group>"; };
		4466633529EC719700BB1CF5 /* SouthParkEpisodes.swift */ = {isa = PBXFileReference; lastKnownFileType = sourcecode.swift; path = SouthParkEpisodes.swift; sourceTree = "<group>"; };
		4466633729EC71A700BB1CF5 /* SouthParkOther.swift */ = {isa = PBXFileReference; lastKnownFileType = sourcecode.swift; path = SouthParkOther.swift; sourceTree = "<group>"; };
		447EAB6B29ED3B0D00634395 /* postData.swift */ = {isa = PBXFileReference; lastKnownFileType = sourcecode.swift; path = postData.swift; sourceTree = "<group>"; };
/* End PBXFileReference section */

/* Begin PBXFrameworksBuildPhase section */
		4421868D29EC59A000A24ABB /* Frameworks */ = {
			isa = PBXFrameworksBuildPhase;
			buildActionMask = 2147483647;
			files = (
			);
			runOnlyForDeploymentPostprocessing = 0;
		};
/* End PBXFrameworksBuildPhase section */

/* Begin PBXGroup section */
		4421868729EC59A000A24ABB = {
			isa = PBXGroup;
			children = (
				4421869229EC59A000A24ABB /* SouthParkAPISwiftUI */,
				4421869129EC59A000A24ABB /* Products */,
			);
			sourceTree = "<group>";
		};
		4421869129EC59A000A24ABB /* Products */ = {
			isa = PBXGroup;
			children = (
				4421869029EC59A000A24ABB /* SouthParkAPISwiftUI.app */,
			);
			name = Products;
			sourceTree = "<group>";
		};
		4421869229EC59A000A24ABB /* SouthParkAPISwiftUI */ = {
			isa = PBXGroup;
			children = (
				4421869329EC59A000A24ABB /* SouthParkAPISwiftUIApp.swift */,
				4421869529EC59A000A24ABB /* ContentView.swift */,
				4466633329EC6F2A00BB1CF5 /* SouthParkCharacters.swift */,
				4466633529EC719700BB1CF5 /* SouthParkEpisodes.swift */,
				4466633729EC71A700BB1CF5 /* SouthParkOther.swift */,
				447EAB6B29ED3B0D00634395 /* postData.swift */,
				445FE43329ED1CAF0063B7A3 /* SouthParkAPI.swift */,
				4421869729EC59A200A24ABB /* Assets.xcassets */,
				4421869929EC59A200A24ABB /* Preview Content */,
				4457E1D029EE776300A309C0 /* settings.swift */,
			);
			path = SouthParkAPISwiftUI;
			sourceTree = "<group>";
		};
		4421869929EC59A200A24ABB /* Preview Content */ = {
			isa = PBXGroup;
			children = (
				4421869A29EC59A200A24ABB /* Preview Assets.xcassets */,
			);
			path = "Preview Content";
			sourceTree = "<group>";
		};
/* End PBXGroup section */

/* Begin PBXNativeTarget section */
		4421868F29EC59A000A24ABB /* SouthParkAPISwiftUI */ = {
			isa = PBXNativeTarget;
			buildConfigurationList = 4421869E29EC59A200A24ABB /* Build configuration list for PBXNativeTarget "SouthParkAPISwiftUI" */;
			buildPhases = (
				4421868C29EC59A000A24ABB /* Sources */,
				4421868D29EC59A000A24ABB /* Frameworks */,
				4421868E29EC59A000A24ABB /* Resources */,
			);
			buildRules = (
			);
			dependencies = (
			);
			name = SouthParkAPISwiftUI;
			productName = SouthParkAPISwiftUI;
			productReference = 4421869029EC59A000A24ABB /* SouthParkAPISwiftUI.app */;
			productType = "com.apple.product-type.application";
		};
/* End PBXNativeTarget section */

/* Begin PBXProject section */
		4421868829EC59A000A24ABB /* Project object */ = {
			isa = PBXProject;
			attributes = {
				BuildIndependentTargetsInParallel = 1;
				LastSwiftUpdateCheck = 1420;
				LastUpgradeCheck = 1420;
				TargetAttributes = {
					4421868F29EC59A000A24ABB = {
						CreatedOnToolsVersion = 14.2;
					};
				};
			};
			buildConfigurationList = 4421868B29EC59A000A24ABB /* Build configuration list for PBXProject "SouthParkAPISwiftUI" */;
			compatibilityVersion = "Xcode 14.0";
			developmentRegion = en;
			hasScannedForEncodings = 0;
			knownRegions = (
				en,
				Base,
			);
			mainGroup = 4421868729EC59A000A24ABB;
			productRefGroup = 4421869129EC59A000A24ABB /* Products */;
			projectDirPath = "";
			projectRoot = "";
			targets = (
				4421868F29EC59A000A24ABB /* SouthParkAPISwiftUI */,
			);
		};
/* End PBXProject section */

/* Begin PBXResourcesBuildPhase section */
		4421868E29EC59A000A24ABB /* Resources */ = {
			isa = PBXResourcesBuildPhase;
			buildActionMask = 2147483647;
			files = (
				4421869B29EC59A200A24ABB /* Preview Assets.xcassets in Resources */,
				4421869829EC59A200A24ABB /* Assets.xcassets in Resources */,
			);
			runOnlyForDeploymentPostprocessing = 0;
		};
/* End PBXResourcesBuildPhase section */

/* Begin PBXSourcesBuildPhase section */
		4421868C29EC59A000A24ABB /* Sources */ = {
			isa = PBXSourcesBuildPhase;
			buildActionMask = 2147483647;
			files = (
				445FE43429ED1CAF0063B7A3 /* SouthParkAPI.swift in Sources */,
				4421869629EC59A000A24ABB /* ContentView.swift in Sources */,
				4457E1D129EE776300A309C0 /* settings.swift in Sources */,
				4421869429EC59A000A24ABB /* SouthParkAPISwiftUIApp.swift in Sources */,
				4466633429EC6F2A00BB1CF5 /* SouthParkCharacters.swift in Sources */,
				4466633629EC719700BB1CF5 /* SouthParkEpisodes.swift in Sources */,
				4466633829EC71A700BB1CF5 /* SouthParkOther.swift in Sources */,
				447EAB6C29ED3B0D00634395 /* postData.swift in Sources */,
			);
			runOnlyForDeploymentPostprocessing = 0;
		};
/* End PBXSourcesBuildPhase section */

/* Begin XCBuildConfiguration section */
		4421869C29EC59A200A24ABB /* Debug */ = {
			isa = XCBuildConfiguration;
			buildSettings = {
				ALWAYS_SEARCH_USER_PATHS = NO;
				CLANG_ANALYZER_NONNULL = YES;
				CLANG_ANALYZER_NUMBER_OBJECT_CONVERSION = YES_AGGRESSIVE;
				CLANG_CXX_LANGUAGE_STANDARD = "gnu++20";
				CLANG_ENABLE_MODULES = YES;
				CLANG_ENABLE_OBJC_ARC = YES;
				CLANG_ENABLE_OBJC_WEAK = YES;
				CLANG_WARN_BLOCK_CAPTURE_AUTORELEASING = YES;
				CLANG_WARN_BOOL_CONVERSION = YES;
				CLANG_WARN_COMMA = YES;
				CLANG_WARN_CONSTANT_CONVERSION = YES;
				CLANG_WARN_DEPRECATED_OBJC_IMPLEMENTATIONS = YES;
				CLANG_WARN_DIRECT_OBJC_ISA_USAGE = YES_ERROR;
				CLANG_WARN_DOCUMENTATION_COMMENTS = YES;
				CLANG_WARN_EMPTY_BODY = YES;
				CLANG_WARN_ENUM_CONVERSION = YES;
				CLANG_WARN_INFINITE_RECURSION = YES;
				CLANG_WARN_INT_CONVERSION = YES;
				CLANG_WARN_NON_LITERAL_NULL_CONVERSION = YES;
				CLANG_WARN_OBJC_IMPLICIT_RETAIN_SELF = YES;
				CLANG_WARN_OBJC_LITERAL_CONVERSION = YES;
				CLANG_WARN_OBJC_ROOT_CLASS = YES_ERROR;
				CLANG_WARN_QUOTED_INCLUDE_IN_FRAMEWORK_HEADER = YES;
				CLANG_WARN_RANGE_LOOP_ANALYSIS = YES;
				CLANG_WARN_STRICT_PROTOTYPES = YES;
				CLANG_WARN_SUSPICIOUS_MOVE = YES;
				CLANG_WARN_UNGUARDED_AVAILABILITY = YES_AGGRESSIVE;
				CLANG_WARN_UNREACHABLE_CODE = YES;
				CLANG_WARN__DUPLICATE_METHOD_MATCH = YES;
				COPY_PHASE_STRIP = NO;
				DEBUG_INFORMATION_FORMAT = dwarf;
				ENABLE_STRICT_OBJC_MSGSEND = YES;
				ENABLE_TESTABILITY = YES;
				GCC_C_LANGUAGE_STANDARD = gnu11;
				GCC_DYNAMIC_NO_PIC = NO;
				GCC_NO_COMMON_BLOCKS = YES;
				GCC_OPTIMIZATION_LEVEL = 0;
				GCC_PREPROCESSOR_DEFINITIONS = (
					"DEBUG=1",
					"$(inherited)",
				);
				GCC_WARN_64_TO_32_BIT_CONVERSION = YES;
				GCC_WARN_ABOUT_RETURN_TYPE = YES_ERROR;
				GCC_WARN_UNDECLARED_SELECTOR = YES;
				GCC_WARN_UNINITIALIZED_AUTOS = YES_AGGRESSIVE;
				GCC_WARN_UNUSED_FUNCTION = YES;
				GCC_WARN_UNUSED_VARIABLE = YES;
				IPHONEOS_DEPLOYMENT_TARGET = 16.2;
				MTL_ENABLE_DEBUG_INFO = INCLUDE_SOURCE;
				MTL_FAST_MATH = YES;
				ONLY_ACTIVE_ARCH = YES;
				SDKROOT = iphoneos;
				SWIFT_ACTIVE_COMPILATION_CONDITIONS = DEBUG;
				SWIFT_OPTIMIZATION_LEVEL = "-Onone";
			};
			name = Debug;
		};
		4421869D29EC59A200A24ABB /* Release */ = {
			isa = XCBuildConfiguration;
			buildSettings = {
				ALWAYS_SEARCH_USER_PATHS = NO;
				CLANG_ANALYZER_NONNULL = YES;
				CLANG_ANALYZER_NUMBER_OBJECT_CONVERSION = YES_AGGRESSIVE;
				CLANG_CXX_LANGUAGE_STANDARD = "gnu++20";
				CLANG_ENABLE_MODULES = YES;
				CLANG_ENABLE_OBJC_ARC = YES;
				CLANG_ENABLE_OBJC_WEAK = YES;
				CLANG_WARN_BLOCK_CAPTURE_AUTORELEASING = YES;
				CLANG_WARN_BOOL_CONVERSION = YES;
				CLANG_WARN_COMMA = YES;
				CLANG_WARN_CONSTANT_CONVERSION = YES;
				CLANG_WARN_DEPRECATED_OBJC_IMPLEMENTATIONS = YES;
				CLANG_WARN_DIRECT_OBJC_ISA_USAGE = YES_ERROR;
				CLANG_WARN_DOCUMENTATION_COMMENTS = YES;
				CLANG_WARN_EMPTY_BODY = YES;
				CLANG_WARN_ENUM_CONVERSION = YES;
				CLANG_WARN_INFINITE_RECURSION = YES;
				CLANG_WARN_INT_CONVERSION = YES;
				CLANG_WARN_NON_LITERAL_NULL_CONVERSION = YES;
				CLANG_WARN_OBJC_IMPLICIT_RETAIN_SELF = YES;
				CLANG_WARN_OBJC_LITERAL_CONVERSION = YES;
				CLANG_WARN_OBJC_ROOT_CLASS = YES_ERROR;
				CLANG_WARN_QUOTED_INCLUDE_IN_FRAMEWORK_HEADER = YES;
				CLANG_WARN_RANGE_LOOP_ANALYSIS = YES;
				CLANG_WARN_STRICT_PROTOTYPES = YES;
				CLANG_WARN_SUSPICIOUS_MOVE = YES;
				CLANG_WARN_UNGUARDED_AVAILABILITY = YES_AGGRESSIVE;
				CLANG_WARN_UNREACHABLE_CODE = YES;
				CLANG_WARN__DUPLICATE_METHOD_MATCH = YES;
				COPY_PHASE_STRIP = NO;
				DEBUG_INFORMATION_FORMAT = "dwarf-with-dsym";
				ENABLE_NS_ASSERTIONS = NO;
				ENABLE_STRICT_OBJC_MSGSEND = YES;
				GCC_C_LANGUAGE_STANDARD = gnu11;
				GCC_NO_COMMON_BLOCKS = YES;
				GCC_WARN_64_TO_32_BIT_CONVERSION = YES;
				GCC_WARN_ABOUT_RETURN_TYPE = YES_ERROR;
				GCC_WARN_UNDECLARED_SELECTOR = YES;
				GCC_WARN_UNINITIALIZED_AUTOS = YES_AGGRESSIVE;
				GCC_WARN_UNUSED_FUNCTION = YES;
				GCC_WARN_UNUSED_VARIABLE = YES;
				IPHONEOS_DEPLOYMENT_TARGET = 16.2;
				MTL_ENABLE_DEBUG_INFO = NO;
				MTL_FAST_MATH = YES;
				SDKROOT = iphoneos;
				SWIFT_COMPILATION_MODE = wholemodule;
				SWIFT_OPTIMIZATION_LEVEL = "-O";
				VALIDATE_PRODUCT = YES;
			};
			name = Release;
		};
		4421869F29EC59A200A24ABB /* Debug */ = {
			isa = XCBuildConfiguration;
			buildSettings = {
				ASSETCATALOG_COMPILER_APPICON_NAME = AppIcon;
				ASSETCATALOG_COMPILER_GLOBAL_ACCENT_COLOR_NAME = AccentColor;
				CODE_SIGN_STYLE = Automatic;
				CURRENT_PROJECT_VERSION = 1;
				DEVELOPMENT_ASSET_PATHS = "\"SouthParkAPISwiftUI/Preview Content\"";
				ENABLE_PREVIEWS = YES;
				GENERATE_INFOPLIST_FILE = YES;
				INFOPLIST_KEY_UIApplicationSceneManifest_Generation = YES;
				INFOPLIST_KEY_UIApplicationSupportsIndirectInputEvents = YES;
				INFOPLIST_KEY_UILaunchScreen_Generation = YES;
				INFOPLIST_KEY_UISupportedInterfaceOrientations_iPad = "UIInterfaceOrientationPortrait UIInterfaceOrientationPortraitUpsideDown UIInterfaceOrientationLandscapeLeft UIInterfaceOrientationLandscapeRight";
				INFOPLIST_KEY_UISupportedInterfaceOrientations_iPhone = "UIInterfaceOrientationPortrait UIInterfaceOrientationLandscapeLeft UIInterfaceOrientationLandscapeRight";
				LD_RUNPATH_SEARCH_PATHS = (
					"$(inherited)",
					"@executable_path/Frameworks",
				);
				MARKETING_VERSION = 1.0;
				PRODUCT_BUNDLE_IDENTIFIER = com.suraj.SouthParkAPISwiftUI;
				PRODUCT_NAME = "$(TARGET_NAME)";
				SWIFT_EMIT_LOC_STRINGS = YES;
				SWIFT_VERSION = 5.0;
				TARGETED_DEVICE_FAMILY = "1,2";
			};
			name = Debug;
		};
		442186A029EC59A200A24ABB /* Release */ = {
			isa = XCBuildConfiguration;
			buildSettings = {
				ASSETCATALOG_COMPILER_APPICON_NAME = AppIcon;
				ASSETCATALOG_COMPILER_GLOBAL_ACCENT_COLOR_NAME = AccentColor;
				CODE_SIGN_STYLE = Automatic;
				CURRENT_PROJECT_VERSION = 1;
				DEVELOPMENT_ASSET_PATHS = "\"SouthParkAPISwiftUI/Preview Content\"";
				ENABLE_PREVIEWS = YES;
				GENERATE_INFOPLIST_FILE = YES;
				INFOPLIST_KEY_UIApplicationSceneManifest_Generation = YES;
				INFOPLIST_KEY_UIApplicationSupportsIndirectInputEvents = YES;
				INFOPLIST_KEY_UILaunchScreen_Generation = YES;
				INFOPLIST_KEY_UISupportedInterfaceOrientations_iPad = "UIInterfaceOrientationPortrait UIInterfaceOrientationPortraitUpsideDown UIInterfaceOrientationLandscapeLeft UIInterfaceOrientationLandscapeRight";
				INFOPLIST_KEY_UISupportedInterfaceOrientations_iPhone = "UIInterfaceOrientationPortrait UIInterfaceOrientationLandscapeLeft UIInterfaceOrientationLandscapeRight";
				LD_RUNPATH_SEARCH_PATHS = (
					"$(inherited)",
					"@executable_path/Frameworks",
				);
				MARKETING_VERSION = 1.0;
				PRODUCT_BUNDLE_IDENTIFIER = com.suraj.SouthParkAPISwiftUI;
				PRODUCT_NAME = "$(TARGET_NAME)";
				SWIFT_EMIT_LOC_STRINGS = YES;
				SWIFT_VERSION = 5.0;
				TARGETED_DEVICE_FAMILY = "1,2";
			};
			name = Release;
		};
/* End XCBuildConfiguration section */

/* Begin XCConfigurationList section */
		4421868B29EC59A000A24ABB /* Build configuration list for PBXProject "SouthParkAPISwiftUI" */ = {
			isa = XCConfigurationList;
			buildConfigurations = (
				4421869C29EC59A200A24ABB /* Debug */,
				4421869D29EC59A200A24ABB /* Release */,
			);
			defaultConfigurationIsVisible = 0;
			defaultConfigurationName = Release;
		};
		4421869E29EC59A200A24ABB /* Build configuration list for PBXNativeTarget "SouthParkAPISwiftUI" */ = {
			isa = XCConfigurationList;
			buildConfigurations = (
				4421869F29EC59A200A24ABB /* Debug */,
				442186A029EC59A200A24ABB /* Release */,
			);
			defaultConfigurationIsVisible = 0;
			defaultConfigurationName = Release;
		};
/* End XCConfigurationList section */
	};
	rootObject = 4421868829EC59A000A24ABB /* Project object */;
}
